
Microsoft Visual Studio Solution File, Format Version 12.00
# Visual Studio Version 17
VisualStudioVersion = 17.6.33723.286
MinimumVisualStudioVersion = 10.0.40219.1
Project("{FAE04EC0-301F-11D3-BF4B-00C04F79EFBC}") = "WingTipToiz", "WingTipToiz\WingTipToiz.csproj", "{3A3726EC-66ED-4203-A7B9-7A988127F1ED}"
EndProject
Global
	GlobalSection(SolutionConfigurationPlatforms) = preSolution
		Debug|Any CPU = Debug|Any CPU
		Release|Any CPU = Release|Any CPU
	EndGlobalSection
	GlobalSection(ProjectConfigurationPlatforms) = postSolution
		{3A3726EC-66ED-4203-A7B9-7A988127F1ED}.Debug|Any CPU.ActiveCfg = Debug|Any CPU
		{3A3726EC-66ED-4203-A7B9-7A988127F1ED}.Debug|Any CPU.Build.0 = Debug|Any CPU
		{3A3726EC-66ED-4203-A7B9-7A988127F1ED}.Release|Any CPU.ActiveCfg = Release|Any CPU
		{3A3726EC-66ED-4203-A7B9-7A988127F1ED}.Release|Any CPU.Build.0 = Release|Any CPU
	EndGlobalSection
	GlobalSection(SolutionProperties) = preSolution
		HideSolutionNode = FALSE
	EndGlobalSection
	GlobalSection(ExtensibilityGlobals) = postSolution
		SolutionGuid = {C31BD104-0C98-4E82-BD20-50393C7DAAB1}
	EndGlobalSection
EndGlobal
